
Microsoft Visual Studio Solution File, Format Version 12.00
# Visual Studio Version 16
VisualStudioVersion = 16.0.30717.126
MinimumVisualStudioVersion = 10.0.40219.1
Project("{FAE04EC0-301F-11D3-BF4B-00C04F79EFBC}") = "ATAPP_XML", "ATAPP_XML\ATAPP_XML.csproj", "{51888195-516C-4CFE-8120-2B3B8144F083}"
EndProject
Global
	GlobalSection(SolutionConfigurationPlatforms) = preSolution
		Debug|Any CPU = Debug|Any CPU
		Release|Any CPU = Release|Any CPU
	EndGlobalSection
	GlobalSection(ProjectConfigurationPlatforms) = postSolution
		{51888195-516C-4CFE-8120-2B3B8144F083}.Debug|Any CPU.ActiveCfg = Debug|Any CPU
		{51888195-516C-4CFE-8120-2B3B8144F083}.Debug|Any CPU.Build.0 = Debug|Any CPU
		{51888195-516C-4CFE-8120-2B3B8144F083}.Release|Any CPU.ActiveCfg = Release|Any CPU
		{51888195-516C-4CFE-8120-2B3B8144F083}.Release|Any CPU.Build.0 = Release|Any CPU
	EndGlobalSection
	GlobalSection(SolutionProperties) = preSolution
		HideSolutionNode = FALSE
	EndGlobalSection
	GlobalSection(ExtensibilityGlobals) = postSolution
		SolutionGuid = {A091118D-8B70-4729-8BD8-F5938AEC396A}
	EndGlobalSection
EndGlobal
